{
  "version": 4,
  "terraform_version": "1.7.4",
  "serial": 40,
  "lineage": "e5cee709-85f8-546c-381b-e4a4e3c765dc",
  "outputs": {},
  "resources": [
    {
      "mode": "data",
      "type": "vsphere_compute_cluster",
      "name": "cluster",
      "provider": "provider[\"registry.terraform.io/hashicorp/vsphere\"]",
      "instances": [
        {
          "schema_version": 0,
          "attributes": {
            "datacenter_id": "datacenter-8",
            "id": "domain-c35",
            "name": "physical-Cluster",
            "resource_pool_id": "resgroup-36"
          },
          "sensitive_attributes": []
        }
      ]
    },
    {
      "mode": "data",
      "type": "vsphere_datacenter",
      "name": "dc",
      "provider": "provider[\"registry.terraform.io/hashicorp/vsphere\"]",
      "instances": [
        {
          "schema_version": 0,
          "attributes": {
            "id": "datacenter-8",
            "name": "Physical-Datacenter"
          },
          "sensitive_attributes": []
        }
      ]
    },
    {
      "mode": "data",
      "type": "vsphere_datastore",
      "name": "datastore",
      "provider": "provider[\"registry.terraform.io/hashicorp/vsphere\"]",
      "instances": [
        {
          "schema_version": 0,
          "attributes": {
            "datacenter_id": "datacenter-8",
            "id": "datastore-41",
            "name": "NVMe"
          },
          "sensitive_attributes": []
        }
      ]
    },
    {
      "mode": "data",
      "type": "vsphere_network",
      "name": "network",
      "provider": "provider[\"registry.terraform.io/hashicorp/vsphere\"]",
      "instances": [
        {
          "schema_version": 0,
          "attributes": {
            "datacenter_id": "datacenter-8",
            "distributed_virtual_switch_uuid": null,
            "id": "network-45",
            "name": "Home Network",
            "type": "Network"
          },
          "sensitive_attributes": []
        }
      ]
    },
    {
      "mode": "data",
      "type": "vsphere_virtual_machine",
      "name": "template",
      "provider": "provider[\"registry.terraform.io/hashicorp/vsphere\"]",
      "instances": [
        {
          "schema_version": 0,
          "attributes": {
            "alternate_guest_name": "",
            "annotation": "Built by HashiCorp Packer on 2024-03-08 14:34 UTC.",
            "boot_delay": 0,
            "boot_retry_delay": 10000,
            "boot_retry_enabled": false,
            "change_version": "2024-03-08T14:43:26.32406Z",
            "cpu_hot_add_enabled": false,
            "cpu_hot_remove_enabled": false,
            "cpu_limit": -1,
            "cpu_performance_counters_enabled": false,
            "cpu_reservation": 0,
            "cpu_share_count": 1000,
            "cpu_share_level": "normal",
            "datacenter_id": "datacenter-8",
            "default_ip_address": null,
            "disks": [
              {
                "eagerly_scrub": false,
                "label": "Hard disk 1",
                "size": 100,
                "thin_provisioned": true,
                "unit_number": 0
              }
            ],
            "efi_secure_boot_enabled": false,
            "enable_disk_uuid": false,
            "enable_logging": true,
            "ept_rvi_mode": "",
            "extra_config": {},
            "firmware": "bios",
            "guest_id": "ubuntu64Guest",
            "guest_ip_addresses": [],
            "hardware_version": 14,
            "hv_mode": "",
            "id": "422b9543-6fda-245e-4b81-8749742a3588",
            "ide_controller_scan_count": 2,
            "latency_sensitivity": "normal",
            "memory": 1024,
            "memory_hot_add_enabled": false,
            "memory_limit": -1,
            "memory_reservation": 0,
            "memory_share_count": 320,
            "memory_share_level": "normal",
            "name": "Ubuntu-2204-Template-100GB-Thin",
            "nested_hv_enabled": false,
            "network_interface_types": [
              "vmxnet3"
            ],
            "network_interfaces": [
              {
                "adapter_type": "vmxnet3",
                "bandwidth_limit": -1,
                "bandwidth_reservation": 0,
                "bandwidth_share_count": 50,
                "bandwidth_share_level": "normal",
                "mac_address": "00:50:56:ab:bf:5f",
                "network_id": "network-45"
              }
            ],
            "num_cores_per_socket": 1,
            "num_cpus": 1,
            "replace_trigger": null,
            "run_tools_scripts_after_power_on": true,
            "run_tools_scripts_after_resume": true,
            "run_tools_scripts_before_guest_reboot": false,
            "run_tools_scripts_before_guest_shutdown": true,
            "run_tools_scripts_before_guest_standby": true,
            "sata_controller_scan_count": 0,
            "scsi_bus_sharing": "noSharing",
            "scsi_controller_scan_count": 1,
            "scsi_type": "pvscsi",
            "storage_policy_id": null,
            "swap_placement_policy": "inherit",
            "sync_time_with_host": true,
            "sync_time_with_host_periodically": false,
            "tools_upgrade_policy": "upgradeAtPowerCycle",
            "uuid": "422b9543-6fda-245e-4b81-8749742a3588",
            "vapp": null,
            "vapp_transport": [],
            "vbs_enabled": false,
            "vvtd_enabled": false
          },
          "sensitive_attributes": []
        }
      ]
    },
    {
      "mode": "managed",
      "type": "vsphere_virtual_machine",
      "name": "vm",
      "provider": "provider[\"registry.terraform.io/hashicorp/vsphere\"]",
      "instances": [
        {
          "index_key": "lab-k8s-test_01",
          "schema_version": 3,
          "attributes": {
            "alternate_guest_name": "",
            "annotation": "Built by HashiCorp Packer on 2024-03-08 14:34 UTC.",
            "boot_delay": 0,
            "boot_retry_delay": 10000,
            "boot_retry_enabled": false,
            "cdrom": [],
            "change_version": "2024-03-13T16:25:58.383363Z",
            "clone": [
              {
                "customize": [],
                "linked_clone": false,
                "ovf_network_map": null,
                "ovf_storage_map": null,
                "template_uuid": "422b9543-6fda-245e-4b81-8749742a3588",
                "timeout": 30
              }
            ],
            "cpu_hot_add_enabled": false,
            "cpu_hot_remove_enabled": false,
            "cpu_limit": -1,
            "cpu_performance_counters_enabled": false,
            "cpu_reservation": 0,
            "cpu_share_count": 2000,
            "cpu_share_level": "normal",
            "custom_attributes": null,
            "datacenter_id": null,
            "datastore_cluster_id": null,
            "datastore_id": "datastore-41",
            "default_ip_address": "192.168.1.120",
            "disk": [
              {
                "attach": false,
                "controller_type": "scsi",
                "datastore_id": "datastore-41",
                "device_address": "scsi:0:0",
                "disk_mode": "persistent",
                "disk_sharing": "sharingNone",
                "eagerly_scrub": false,
                "io_limit": -1,
                "io_reservation": 0,
                "io_share_count": 1000,
                "io_share_level": "normal",
                "keep_on_remove": false,
                "key": 2000,
                "label": "lab-k8s-m01-disk",
                "path": "lab-k8s-w01/lab-k8s-w01.vmdk",
                "size": 100,
                "storage_policy_id": "",
                "thin_provisioned": true,
                "unit_number": 0,
                "uuid": "6000C291-b1a2-3eed-4563-c82be61a525a",
                "write_through": false
              }
            ],
            "efi_secure_boot_enabled": false,
            "enable_disk_uuid": false,
            "enable_logging": false,
            "ept_rvi_mode": "",
            "extra_config": {
              "guestinfo.metadata": "I2Nsb3VkLWNvbmZpZwpsb2NhbC1ob3N0bmFtZTogbGFiLWs4cy1tMDEKaW5zdGFuY2UtaWQ6IHVidW50dS1sYWItazhzLW0wMQpuZXR3b3JrOgogIHZlcnNpb246IDIKICBldGhlcm5ldHM6CiAgICBlbnMxOTI6CiAgICAgIGRoY3A0OiBmYWxzZQogICAgICBhZGRyZXNzZXM6CiAgICAgICAgLSAxOTIuMTY4LjEuMTIwLzI0CiAgICAgIGdhdGV3YXk0OiAxOTIuMTY4LjEuNDgKICAgICAgbmFtZXNlcnZlcnM6CiAgICAgICAgc2VhcmNoOiBbaG9tZV0KICAgICAgICBhZGRyZXNzZXM6IFsxOTIuMTY4LjEuNDksIDguOC44LjhdCmdyb3dwYXJ0OgogIG1vZGU6IGF1dG8KICBkZXZpY2VzOiBbJy9kZXYvc2RhMiddCiAgaWdub3JlX2dyb3dyb290X2Rpc2FibGVkOiB0cnVlCndhaXQtb24tbmV0d29yazoKICBpcHY0OiB0cnVl",
              "guestinfo.metadata.encoding": "base64",
              "guestinfo.userdata": "I2Nsb3VkLWNvbmZpZwp1c2VyczoKICAtIG5hbWU6IGpjb21ldHRpCiAgICBzc2gtYXV0aG9yaXplZC1rZXlzOgogICAgICAtIHNzaC1yc2Egc3NoLXJzYSBBQUFBQjNOemFDMXljMkVBQUFBREFRQUJBQUFCZ1FDOC8zK1l0Vnh1bm9Xd3kxVkFVS0dZUklyQjA2T2txTm5YUHVZRGZYMWVNNEx0dWUwMDROTWNxUU84U0NLWmNFdFdWRkRRd1EwZTJnUEtpTEtESHZxQXBxSWRMNHdZK0wwbHgxU1Q4UEZlN1RVajlrNlozcFZSbkk1MVdZUkpyMzVHR0gvN3doTWVTNFVDOHl5OXRqMExMNXU2TkY1d2RBaWQrZE5pSzYwaHRFZTQ2enM1OTBwNGxpc0VyeEZlYmtoTTVoSjMzaFI1N1JvYTRrTkkxTnF2emxuQmVRdjJha3dxd0FlcDR2ZzU3dlpwVkdYcXY5RjdSeUpwMlFpNzRiS1JvOEZxcE5Pdmx0ZndydDVseVBPdmQ2MTV2SnBFRzhDWWs5Y0FFcnFOcDByS0tDbktxMEVMblhjNUhQbnlnWUJTR1pkbG4yNTR4bWRnQ21ybHRrTFpwOFIybDR6T0VvWTRpNkk4RDFacXFJSW9iSGd4UEwwWkp4T2M0c2FmL2ZLL0VPTGQwWW5ZODdzZXBQaEtCUzA1UkJHb0NQaHRnbHZ0TDhHYzA0L2c1cmYrNUo4MllYbHFVVmN3UjhxT1V5SGo5NnRvaDY0NlNVRTZRTEh5VVc5cmF2R0ZoUW9QczhlOTA2SlN1M21RVkJiSTdicTlWckl4ejBNL1Q5N0xjUDg9IGpjb21ldHRpQEpvYW9zLU1hY0Jvb2stUHJvLmxvY2FsCiAgICBzdWRvOiBbIkFMTD0oQUxMKSBOT1BBU1NXRDpBTEwiXQogICAgZ3JvdXBzOiBzdWRvCiAgICBzaGVsbDogL2Jpbi9iYXNoCgpwYWNrYWdlczoKICAtIHRyZWUK",
              "guestinfo.userdata.encoding": "base64"
            },
            "firmware": "bios",
            "folder": "",
            "force_power_off": true,
            "guest_id": "ubuntu64Guest",
            "guest_ip_addresses": [
              "192.168.1.120",
              "fe80::250:56ff:feab:4360"
            ],
            "hardware_version": 14,
            "host_system_id": "host-38",
            "hv_mode": "",
            "id": "422b2510-1249-be70-f680-6dd7a67130c8",
            "ide_controller_count": 2,
            "ignored_guest_ips": null,
            "imported": null,
            "latency_sensitivity": "normal",
            "memory": 4096,
            "memory_hot_add_enabled": false,
            "memory_limit": -1,
            "memory_reservation": 0,
            "memory_share_count": 40960,
            "memory_share_level": "normal",
            "migrate_wait_timeout": 30,
            "moid": "vm-4024",
            "name": "lab-k8s-w01",
            "nested_hv_enabled": false,
            "network_interface": [
              {
                "adapter_type": "vmxnet3",
                "bandwidth_limit": -1,
                "bandwidth_reservation": 0,
                "bandwidth_share_count": 50,
                "bandwidth_share_level": "normal",
                "device_address": "pci:0:7",
                "key": 4000,
                "mac_address": "00:50:56:ab:43:60",
                "network_id": "network-45",
                "ovf_mapping": "",
                "use_static_mac": false
              }
            ],
            "num_cores_per_socket": 1,
            "num_cpus": 2,
            "ovf_deploy": [],
            "pci_device_id": null,
            "power_state": "on",
            "poweron_timeout": 300,
            "reboot_required": false,
            "replace_trigger": null,
            "resource_pool_id": "resgroup-36",
            "run_tools_scripts_after_power_on": true,
            "run_tools_scripts_after_resume": true,
            "run_tools_scripts_before_guest_reboot": false,
            "run_tools_scripts_before_guest_shutdown": true,
            "run_tools_scripts_before_guest_standby": true,
            "sata_controller_count": 0,
            "scsi_bus_sharing": "noSharing",
            "scsi_controller_count": 1,
            "scsi_type": "pvscsi",
            "shutdown_wait_timeout": 3,
            "storage_policy_id": "",
            "swap_placement_policy": "inherit",
            "sync_time_with_host": false,
            "sync_time_with_host_periodically": false,
            "tags": null,
            "tools_upgrade_policy": "manual",
            "uuid": "422b2510-1249-be70-f680-6dd7a67130c8",
            "vapp": [],
            "vapp_transport": [],
            "vbs_enabled": false,
            "vmware_tools_status": "guestToolsRunning",
            "vmx_path": "lab-k8s-w01/lab-k8s-w01.vmx",
            "vvtd_enabled": false,
            "wait_for_guest_ip_timeout": 0,
            "wait_for_guest_net_routable": true,
            "wait_for_guest_net_timeout": 5
          },
          "sensitive_attributes": [
            [
              {
                "type": "get_attr",
                "value": "extra_config"
              },
              {
                "type": "index",
                "value": {
                  "value": "guestinfo.metadata",
                  "type": "string"
                }
              }
            ],
            [
              {
                "type": "get_attr",
                "value": "extra_config"
              },
              {
                "type": "index",
                "value": {
                  "value": "guestinfo.userdata",
                  "type": "string"
                }
              }
            ]
          ],
          "private": "eyJzY2hlbWFfdmVyc2lvbiI6IjMifQ==",
          "dependencies": [
            "data.vsphere_compute_cluster.cluster",
            "data.vsphere_datacenter.dc",
            "data.vsphere_datastore.datastore",
            "data.vsphere_network.network",
            "data.vsphere_virtual_machine.template"
          ]
        },
        {
          "index_key": "lab-k8s-test_02",
          "schema_version": 3,
          "attributes": {
            "alternate_guest_name": "",
            "annotation": "Built by HashiCorp Packer on 2024-03-08 14:34 UTC.",
            "boot_delay": 0,
            "boot_retry_delay": 10000,
            "boot_retry_enabled": false,
            "cdrom": [],
            "change_version": "2024-03-13T16:25:58.379997Z",
            "clone": [
              {
                "customize": [],
                "linked_clone": false,
                "ovf_network_map": null,
                "ovf_storage_map": null,
                "template_uuid": "422b9543-6fda-245e-4b81-8749742a3588",
                "timeout": 30
              }
            ],
            "cpu_hot_add_enabled": false,
            "cpu_hot_remove_enabled": false,
            "cpu_limit": -1,
            "cpu_performance_counters_enabled": false,
            "cpu_reservation": 0,
            "cpu_share_count": 2000,
            "cpu_share_level": "normal",
            "custom_attributes": null,
            "datacenter_id": null,
            "datastore_cluster_id": null,
            "datastore_id": "datastore-41",
            "default_ip_address": "192.168.1.120",
            "disk": [
              {
                "attach": false,
                "controller_type": "scsi",
                "datastore_id": "datastore-41",
                "device_address": "scsi:0:0",
                "disk_mode": "persistent",
                "disk_sharing": "sharingNone",
                "eagerly_scrub": false,
                "io_limit": -1,
                "io_reservation": 0,
                "io_share_count": 1000,
                "io_share_level": "normal",
                "keep_on_remove": false,
                "key": 2000,
                "label": "lab-k8s-m01-disk",
                "path": "lab-k8s-w02/lab-k8s-w02.vmdk",
                "size": 100,
                "storage_policy_id": "",
                "thin_provisioned": true,
                "unit_number": 0,
                "uuid": "6000C296-0f71-a2de-0e06-5e530e79a919",
                "write_through": false
              }
            ],
            "efi_secure_boot_enabled": false,
            "enable_disk_uuid": false,
            "enable_logging": false,
            "ept_rvi_mode": "",
            "extra_config": {
              "guestinfo.metadata": "I2Nsb3VkLWNvbmZpZwpsb2NhbC1ob3N0bmFtZTogbGFiLWs4cy1tMDEKaW5zdGFuY2UtaWQ6IHVidW50dS1sYWItazhzLW0wMQpuZXR3b3JrOgogIHZlcnNpb246IDIKICBldGhlcm5ldHM6CiAgICBlbnMxOTI6CiAgICAgIGRoY3A0OiBmYWxzZQogICAgICBhZGRyZXNzZXM6CiAgICAgICAgLSAxOTIuMTY4LjEuMTIwLzI0CiAgICAgIGdhdGV3YXk0OiAxOTIuMTY4LjEuNDgKICAgICAgbmFtZXNlcnZlcnM6CiAgICAgICAgc2VhcmNoOiBbaG9tZV0KICAgICAgICBhZGRyZXNzZXM6IFsxOTIuMTY4LjEuNDksIDguOC44LjhdCmdyb3dwYXJ0OgogIG1vZGU6IGF1dG8KICBkZXZpY2VzOiBbJy9kZXYvc2RhMiddCiAgaWdub3JlX2dyb3dyb290X2Rpc2FibGVkOiB0cnVlCndhaXQtb24tbmV0d29yazoKICBpcHY0OiB0cnVl",
              "guestinfo.metadata.encoding": "base64",
              "guestinfo.userdata": "I2Nsb3VkLWNvbmZpZwp1c2VyczoKICAtIG5hbWU6IGpjb21ldHRpCiAgICBzc2gtYXV0aG9yaXplZC1rZXlzOgogICAgICAtIHNzaC1yc2Egc3NoLXJzYSBBQUFBQjNOemFDMXljMkVBQUFBREFRQUJBQUFCZ1FDOC8zK1l0Vnh1bm9Xd3kxVkFVS0dZUklyQjA2T2txTm5YUHVZRGZYMWVNNEx0dWUwMDROTWNxUU84U0NLWmNFdFdWRkRRd1EwZTJnUEtpTEtESHZxQXBxSWRMNHdZK0wwbHgxU1Q4UEZlN1RVajlrNlozcFZSbkk1MVdZUkpyMzVHR0gvN3doTWVTNFVDOHl5OXRqMExMNXU2TkY1d2RBaWQrZE5pSzYwaHRFZTQ2enM1OTBwNGxpc0VyeEZlYmtoTTVoSjMzaFI1N1JvYTRrTkkxTnF2emxuQmVRdjJha3dxd0FlcDR2ZzU3dlpwVkdYcXY5RjdSeUpwMlFpNzRiS1JvOEZxcE5Pdmx0ZndydDVseVBPdmQ2MTV2SnBFRzhDWWs5Y0FFcnFOcDByS0tDbktxMEVMblhjNUhQbnlnWUJTR1pkbG4yNTR4bWRnQ21ybHRrTFpwOFIybDR6T0VvWTRpNkk4RDFacXFJSW9iSGd4UEwwWkp4T2M0c2FmL2ZLL0VPTGQwWW5ZODdzZXBQaEtCUzA1UkJHb0NQaHRnbHZ0TDhHYzA0L2c1cmYrNUo4MllYbHFVVmN3UjhxT1V5SGo5NnRvaDY0NlNVRTZRTEh5VVc5cmF2R0ZoUW9QczhlOTA2SlN1M21RVkJiSTdicTlWckl4ejBNL1Q5N0xjUDg9IGpjb21ldHRpQEpvYW9zLU1hY0Jvb2stUHJvLmxvY2FsCiAgICBzdWRvOiBbIkFMTD0oQUxMKSBOT1BBU1NXRDpBTEwiXQogICAgZ3JvdXBzOiBzdWRvCiAgICBzaGVsbDogL2Jpbi9iYXNoCgpwYWNrYWdlczoKICAtIHRyZWUK",
              "guestinfo.userdata.encoding": "base64"
            },
            "firmware": "bios",
            "folder": "",
            "force_power_off": true,
            "guest_id": "ubuntu64Guest",
            "guest_ip_addresses": [
              "192.168.1.120",
              "fddb:3006:ef93:954c:250:56ff:feab:1cd4",
              "fe80::250:56ff:feab:1cd4"
            ],
            "hardware_version": 14,
            "host_system_id": "host-38",
            "hv_mode": "",
            "id": "422b9a5c-52a5-b4be-8146-8459549097df",
            "ide_controller_count": 2,
            "ignored_guest_ips": null,
            "imported": null,
            "latency_sensitivity": "normal",
            "memory": 4096,
            "memory_hot_add_enabled": false,
            "memory_limit": -1,
            "memory_reservation": 0,
            "memory_share_count": 40960,
            "memory_share_level": "normal",
            "migrate_wait_timeout": 30,
            "moid": "vm-4023",
            "name": "lab-k8s-w02",
            "nested_hv_enabled": false,
            "network_interface": [
              {
                "adapter_type": "vmxnet3",
                "bandwidth_limit": -1,
                "bandwidth_reservation": 0,
                "bandwidth_share_count": 50,
                "bandwidth_share_level": "normal",
                "device_address": "pci:0:7",
                "key": 4000,
                "mac_address": "00:50:56:ab:1c:d4",
                "network_id": "network-45",
                "ovf_mapping": "",
                "use_static_mac": false
              }
            ],
            "num_cores_per_socket": 1,
            "num_cpus": 2,
            "ovf_deploy": [],
            "pci_device_id": null,
            "power_state": "on",
            "poweron_timeout": 300,
            "reboot_required": false,
            "replace_trigger": null,
            "resource_pool_id": "resgroup-36",
            "run_tools_scripts_after_power_on": true,
            "run_tools_scripts_after_resume": true,
            "run_tools_scripts_before_guest_reboot": false,
            "run_tools_scripts_before_guest_shutdown": true,
            "run_tools_scripts_before_guest_standby": true,
            "sata_controller_count": 0,
            "scsi_bus_sharing": "noSharing",
            "scsi_controller_count": 1,
            "scsi_type": "pvscsi",
            "shutdown_wait_timeout": 3,
            "storage_policy_id": "",
            "swap_placement_policy": "inherit",
            "sync_time_with_host": false,
            "sync_time_with_host_periodically": false,
            "tags": null,
            "tools_upgrade_policy": "manual",
            "uuid": "422b9a5c-52a5-b4be-8146-8459549097df",
            "vapp": [],
            "vapp_transport": [],
            "vbs_enabled": false,
            "vmware_tools_status": "guestToolsRunning",
            "vmx_path": "lab-k8s-w02/lab-k8s-w02.vmx",
            "vvtd_enabled": false,
            "wait_for_guest_ip_timeout": 0,
            "wait_for_guest_net_routable": true,
            "wait_for_guest_net_timeout": 5
          },
          "sensitive_attributes": [
            [
              {
                "type": "get_attr",
                "value": "extra_config"
              },
              {
                "type": "index",
                "value": {
                  "value": "guestinfo.metadata",
                  "type": "string"
                }
              }
            ],
            [
              {
                "type": "get_attr",
                "value": "extra_config"
              },
              {
                "type": "index",
                "value": {
                  "value": "guestinfo.userdata",
                  "type": "string"
                }
              }
            ]
          ],
          "private": "eyJzY2hlbWFfdmVyc2lvbiI6IjMifQ==",
          "dependencies": [
            "data.vsphere_compute_cluster.cluster",
            "data.vsphere_datacenter.dc",
            "data.vsphere_datastore.datastore",
            "data.vsphere_network.network",
            "data.vsphere_virtual_machine.template"
          ]
        }
      ]
    }
  ],
  "check_results": null
}
